// !$*UTF8*$!
{
	archiveVersion = 1;
	classes = {
	};
	objectVersion = 77;
	objects = {

/* Begin PBXBuildFile section */
		00BF8C1646A41E1B3D522C19 /* Overrides.swift in Sources */ = {isa = PBXBuildFile; fileRef = 47506723F8DCA3581E5B301E /* Overrides.swift */; };
		025DD79357C92A03B70ACF83 /* PKCE.swift in Sources */ = {isa = PBXBuildFile; fileRef = F15E43D725AC1375592E096B /* PKCE.swift */; };
		0D4E09FA930EE9BFB03B4A39 /* ConnectionStore.swift in Sources */ = {isa = PBXBuildFile; fileRef = FB7E0AA37B99BD42FD938A4D /* ConnectionStore.swift */; };
		1281E89EE5DAA333B680D4FF /* StoredSecretField.swift in Sources */ = {isa = PBXBuildFile; fileRef = 0AE3B8E44DF17BDB4242DA7A /* StoredSecretField.swift */; };
		14CA049923036ADA570C8EB5 /* UpdaterManager.swift in Sources */ = {isa = PBXBuildFile; fileRef = 2810BF53B699350EEF587642 /* UpdaterManager.swift */; };
		196D66E33DF93F52F430241D /* AppCommands.swift in Sources */ = {isa = PBXBuildFile; fileRef = 12AB8D330C3B8645A99F3CDD /* AppCommands.swift */; };
		1AFD475339BF97F59F4622CD /* Schema.swift in Sources */ = {isa = PBXBuildFile; fileRef = C66C044269634CCC84DAC1A1 /* Schema.swift */; };
		1CA02CF688C435A08DD27AA0 /* NetworkIcon.swift in Sources */ = {isa = PBXBuildFile; fileRef = B316BCEAD26B4E0BD389ECC0 /* NetworkIcon.swift */; };
		1D90B296F61B02007A24D9AA /* ThreadsAdapter.swift in Sources */ = {isa = PBXBuildFile; fileRef = 7A03F7F490C0B9883B4CB246 /* ThreadsAdapter.swift */; };
		23CF0005D1DCB7FAB285540A /* PublishTests.swift in Sources */ = {isa = PBXBuildFile; fileRef = E47607F4ABE061153E12D435 /* PublishTests.swift */; };
		31738F18C92526AE18F8018A /* GeneralSettingsPane.swift in Sources */ = {isa = PBXBuildFile; fileRef = F5DE31C30A38BE6DA4BC35D5 /* GeneralSettingsPane.swift */; };
		326EB89D5EB785E59752A9CD /* CallbackServer.swift in Sources */ = {isa = PBXBuildFile; fileRef = C7FB65E0D7219C3ABE5EDACE /* CallbackServer.swift */; };
		3445388F9F123F444B97D922 /* Sparkle in Frameworks */ = {isa = PBXBuildFile; productRef = 39D34F873871694CEDDF924D /* Sparkle */; };
		362EB1F3AE7ED394515832D9 /* AppDatabase.swift in Sources */ = {isa = PBXBuildFile; fileRef = 56A65AF850A664CB4D2B628E /* AppDatabase.swift */; };
		435F35041C111396DCEBCED1 /* AppPaths.swift in Sources */ = {isa = PBXBuildFile; fileRef = 265D8953F178218619F774D7 /* AppPaths.swift */; };
		4504E1E044E814B67E48B10E /* R2Stager.swift in Sources */ = {isa = PBXBuildFile; fileRef = 9A59FBA42524ECDA77C8C915 /* R2Stager.swift */; };
		47A91AAC61A4D3535D22C9D2 /* BlueskyAdapter.swift in Sources */ = {isa = PBXBuildFile; fileRef = BC112B367465D11896AE4DB5 /* BlueskyAdapter.swift */; };
		480A8EF0AA92C52E12F50117 /* XAdapter.swift in Sources */ = {isa = PBXBuildFile; fileRef = A07DB0E32DC92209CBF0B9E1 /* XAdapter.swift */; };
		5FE92E53A9630237F519D772 /* ComposerView.swift in Sources */ = {isa = PBXBuildFile; fileRef = 1827DA37EA5DEB36C9218E98 /* ComposerView.swift */; };
		63A90D2745C6F23AAA2875E1 /* AppDelegate.swift in Sources */ = {isa = PBXBuildFile; fileRef = 827F6B61C5ABD07393423050 /* AppDelegate.swift */; };
		6F4DE6A11EED6F4AC92AC899 /* Repositories.swift in Sources */ = {isa = PBXBuildFile; fileRef = 6DD2ABAC31D08B13E50D0946 /* Repositories.swift */; };
		6FC71BDF8DBA4C426A656EDD /* TLSIdentity.swift in Sources */ = {isa = PBXBuildFile; fileRef = 7B7D6E319D7BBF3AB67005B5 /* TLSIdentity.swift */; };
		72CB7562D87E1222C0A6C213 /* MainSplitView.swift in Sources */ = {isa = PBXBuildFile; fileRef = AD563F2018C809584F699031 /* MainSplitView.swift */; };
		780131A5A36D20DA40690EA7 /* BlatherApp.swift in Sources */ = {isa = PBXBuildFile; fileRef = 2BBEFB47B6FCCC9930A32F8D /* BlatherApp.swift */; };
		7DD1FCD8B442B7E31D74E091 /* KeychainStore.swift in Sources */ = {isa = PBXBuildFile; fileRef = 96B6498D9017BD16C748213C /* KeychainStore.swift */; };
		820D59537F99116EF80C5C1D /* AccountsSettingsPane.swift in Sources */ = {isa = PBXBuildFile; fileRef = 554A2C9A43C7BACFB1A2D8A7 /* AccountsSettingsPane.swift */; };
		827CFD1696EC6C4269495004 /* Validation.swift in Sources */ = {isa = PBXBuildFile; fileRef = D4F5F693A8E95A54382CF581 /* Validation.swift */; };
		83642B75C681A243C27586BB /* HistoryView.swift in Sources */ = {isa = PBXBuildFile; fileRef = 503ECAD99BAF238029220985 /* HistoryView.swift */; };
		838FEAB8774BDDBC612B56D0 /* Capabilities.swift in Sources */ = {isa = PBXBuildFile; fileRef = 359AE68416B731868AE2C3A1 /* Capabilities.swift */; };
		87F3FADDA89A010D4066B875 /* SettingsView.swift in Sources */ = {isa = PBXBuildFile; fileRef = 533F68117C958B61D7379E2A /* SettingsView.swift */; };
		8AE8454F12275B4DB222C8EE /* AccountSettings.swift in Sources */ = {isa = PBXBuildFile; fileRef = A6A84BEF66ECE30725606B10 /* AccountSettings.swift */; };
		8CF38D2CD1D42C8F15F3D914 /* ConnectService.swift in Sources */ = {isa = PBXBuildFile; fileRef = AE38E9F798CFA151F92C35D9 /* ConnectService.swift */; };
		9D1E81F4B8D6FF8B1B78703D /* Credentials.swift in Sources */ = {isa = PBXBuildFile; fileRef = 128314124E5F4897C8897637 /* Credentials.swift */; };
		A04844206A3395B320E0C156 /* Models.swift in Sources */ = {isa = PBXBuildFile; fileRef = D5112B664F262EEFCBEDB2D9 /* Models.swift */; };
		AAB8A322CC4BF761A3A6037D /* HTTPClient.swift in Sources */ = {isa = PBXBuildFile; fileRef = 94F559D0609D751E35A58B91 /* HTTPClient.swift */; };
		B34DC04E4528D596A7F70223 /* MediaStagingSettingsPane.swift in Sources */ = {isa = PBXBuildFile; fileRef = C6BB4B865203B266C509778F /* MediaStagingSettingsPane.swift */; };
		B4BCE16DDDC2270A236699F6 /* GraphPermalink.swift in Sources */ = {isa = PBXBuildFile; fileRef = 861C7F035F82B9077140F13E /* GraphPermalink.swift */; };
		B8E6847A274CEFFE90DBE83E /* SmokeTests.swift in Sources */ = {isa = PBXBuildFile; fileRef = 38CB3312CD3852105D439EE3 /* SmokeTests.swift */; };
		BC58555F6020D0CCDF4A6E8E /* SettingsWindowController.swift in Sources */ = {isa = PBXBuildFile; fileRef = 0F857D6762B40E7D7B68B674 /* SettingsWindowController.swift */; };
		C144E42F17189779843545A4 /* Redaction.swift in Sources */ = {isa = PBXBuildFile; fileRef = 60DF60A78384B9B25714588C /* Redaction.swift */; };
		C4C4BF88F194A0A5FEC207BB /* SigV4.swift in Sources */ = {isa = PBXBuildFile; fileRef = F3967C8AB82F6FA19129444A /* SigV4.swift */; };
		CCE8D9C7C99F46716BABE61B /* StoredSecretFieldTests.swift in Sources */ = {isa = PBXBuildFile; fileRef = 2375BFD0259ED0893E0832EF /* StoredSecretFieldTests.swift */; };
		CD12AD66E6DD13257037A278 /* InstagramAdapter.swift in Sources */ = {isa = PBXBuildFile; fileRef = F602B0ADACAE328CF3B5C3A4 /* InstagramAdapter.swift */; };
		D08CDD9EBB82303B18202FB5 /* PersistenceTests.swift in Sources */ = {isa = PBXBuildFile; fileRef = 37D8DC8D148615D6B3416225 /* PersistenceTests.swift */; };
		D42BA31964B6879BE1330B80 /* GRDB in Frameworks */ = {isa = PBXBuildFile; productRef = D1C83E73B83326333074C430 /* GRDB */; };
		D678DE4DFC89E4A627D9198B /* TokenAccess.swift in Sources */ = {isa = PBXBuildFile; fileRef = CED8369A41F6E8E17AE1486A /* TokenAccess.swift */; };
		D8F58549C3E1838CB24F51AE /* Orchestrator.swift in Sources */ = {isa = PBXBuildFile; fileRef = 580EDC7286B4B45905EFD15E /* Orchestrator.swift */; };
		DFFCD9B8FB286E4411C80A2D /* AboutSettingsPane.swift in Sources */ = {isa = PBXBuildFile; fileRef = D0EEFFA704B3E64FC1654DE4 /* AboutSettingsPane.swift */; };
		E550CCB4ABB5BB242BB021AC /* MediaTests.swift in Sources */ = {isa = PBXBuildFile; fileRef = 6381967B3F267C243D1AFB46 /* MediaTests.swift */; };
		E9F8B9ACF6E8B6CFE8EB5DD1 /* ConnectionStatusToolbar.swift in Sources */ = {isa = PBXBuildFile; fileRef = 87B3E2C8521208D3465725B2 /* ConnectionStatusToolbar.swift */; };
		EC0351D79DAAE893B039AD9D /* ProviderAdapter.swift in Sources */ = {isa = PBXBuildFile; fileRef = 66B4ED3BD26B643ADEA4EF32 /* ProviderAdapter.swift */; };
		ECAE1C4B98D5F7182D6FA736 /* MediaStore.swift in Sources */ = {isa = PBXBuildFile; fileRef = BEAE9022005149E4E3C24FB9 /* MediaStore.swift */; };
		F05F16BA3DC0803035059E87 /* AppModel.swift in Sources */ = {isa = PBXBuildFile; fileRef = 9792560C6E88E0DEA4150BC8 /* AppModel.swift */; };
		F1C1277BA6BFDC3277775C7F /* DestinationInspector.swift in Sources */ = {isa = PBXBuildFile; fileRef = 9F8D33D7387D7506330198B1 /* DestinationInspector.swift */; };
		F27BD3597781FCB33D32650D /* ConnectTests.swift in Sources */ = {isa = PBXBuildFile; fileRef = AFFC8B658F2EC6CC2B43E881 /* ConnectTests.swift */; };
		F630C0F1C13EF008EA9DF370 /* Assets.xcassets in Resources */ = {isa = PBXBuildFile; fileRef = 1D33874353252324AD9BB45B /* Assets.xcassets */; };
		FE65222311CF2378D9936994 /* BlatherUITests.swift in Sources */ = {isa = PBXBuildFile; fileRef = D9A8A224D637C80A7122B528 /* BlatherUITests.swift */; };
/* End PBXBuildFile section */

/* Begin PBXContainerItemProxy section */
		312780CF99CCB37A556E8C10 /* PBXContainerItemProxy */ = {
			isa = PBXContainerItemProxy;
			containerPortal = 742ED7917B292505C9C774A0 /* Project object */;
			proxyType = 1;
			remoteGlobalIDString = 0CB5B138AB597B55F108116D;
			remoteInfo = Blather;
		};
		80A6545FC6BA5DBBC68A5F8D /* PBXContainerItemProxy */ = {
			isa = PBXContainerItemProxy;
			containerPortal = 742ED7917B292505C9C774A0 /* Project object */;
			proxyType = 1;
			remoteGlobalIDString = 0CB5B138AB597B55F108116D;
			remoteInfo = Blather;
		};
/* End PBXContainerItemProxy section */

/* Begin PBXFileReference section */
		04BBDBE59543E998A3922B3A /* BlatherUITests.xctest */ = {isa = PBXFileReference; explicitFileType = wrapper.cfbundle; includeInIndex = 0; path = BlatherUITests.xctest; sourceTree = BUILT_PRODUCTS_DIR; };
		0AE3B8E44DF17BDB4242DA7A /* StoredSecretField.swift */ = {isa = PBXFileReference; lastKnownFileType = sourcecode.swift; path = StoredSecretField.swift; sourceTree = "<group>"; };
		0F857D6762B40E7D7B68B674 /* SettingsWindowController.swift */ = {isa = PBXFileReference; lastKnownFileType = sourcecode.swift; path = SettingsWindowController.swift; sourceTree = "<group>"; };
		128314124E5F4897C8897637 /* Credentials.swift */ = {isa = PBXFileReference; lastKnownFileType = sourcecode.swift; path = Credentials.swift; sourceTree = "<group>"; };
		12AB8D330C3B8645A99F3CDD /* AppCommands.swift */ = {isa = PBXFileReference; lastKnownFileType = sourcecode.swift; path = AppCommands.swift; sourceTree = "<group>"; };
		1827DA37EA5DEB36C9218E98 /* ComposerView.swift */ = {isa = PBXFileReference; lastKnownFileType = sourcecode.swift; path = ComposerView.swift; sourceTree = "<group>"; };
		1D33874353252324AD9BB45B /* Assets.xcassets */ = {isa = PBXFileReference; lastKnownFileType = folder.assetcatalog; path = Assets.xcassets; sourceTree = "<group>"; };
		1EA92330120635C0723D4D2D /* BlatherTests.xctest */ = {isa = PBXFileReference; explicitFileType = wrapper.cfbundle; includeInIndex = 0; path = BlatherTests.xctest; sourceTree = BUILT_PRODUCTS_DIR; };
		2375BFD0259ED0893E0832EF /* StoredSecretFieldTests.swift */ = {isa = PBXFileReference; lastKnownFileType = sourcecode.swift; path = StoredSecretFieldTests.swift; sourceTree = "<group>"; };
		2478C11E76DD9A612721042F /* Blather.app */ = {isa = PBXFileReference; explicitFileType = wrapper.application; includeInIndex = 0; path = Blather.app; sourceTree = BUILT_PRODUCTS_DIR; };
		265D8953F178218619F774D7 /* AppPaths.swift */ = {isa = PBXFileReference; lastKnownFileType = sourcecode.swift; path = AppPaths.swift; sourceTree = "<group>"; };
		2810BF53B699350EEF587642 /* UpdaterManager.swift */ = {isa = PBXFileReference; lastKnownFileType = sourcecode.swift; path = UpdaterManager.swift; sourceTree = "<group>"; };
		2BBEFB47B6FCCC9930A32F8D /* BlatherApp.swift */ = {isa = PBXFileReference; lastKnownFileType = sourcecode.swift; path = BlatherApp.swift; sourceTree = "<group>"; };
		359AE68416B731868AE2C3A1 /* Capabilities.swift */ = {isa = PBXFileReference; lastKnownFileType = sourcecode.swift; path = Capabilities.swift; sourceTree = "<group>"; };
		37D8DC8D148615D6B3416225 /* PersistenceTests.swift */ = {isa = PBXFileReference; lastKnownFileType = sourcecode.swift; path = PersistenceTests.swift; sourceTree = "<group>"; };
		38CB3312CD3852105D439EE3 /* SmokeTests.swift */ = {isa = PBXFileReference; lastKnownFileType = sourcecode.swift; path = SmokeTests.swift; sourceTree = "<group>"; };
		47506723F8DCA3581E5B301E /* Overrides.swift */ = {isa = PBXFileReference; lastKnownFileType = sourcecode.swift; path = Overrides.swift; sourceTree = "<group>"; };
		503ECAD99BAF238029220985 /* HistoryView.swift */ = {isa = PBXFileReference; lastKnownFileType = sourcecode.swift; path = HistoryView.swift; sourceTree = "<group>"; };
		533F68117C958B61D7379E2A /* SettingsView.swift */ = {isa = PBXFileReference; lastKnownFileType = sourcecode.swift; path = SettingsView.swift; sourceTree = "<group>"; };
		554A2C9A43C7BACFB1A2D8A7 /* AccountsSettingsPane.swift */ = {isa = PBXFileReference; lastKnownFileType = sourcecode.swift; path = AccountsSettingsPane.swift; sourceTree = "<group>"; };
		56A65AF850A664CB4D2B628E /* AppDatabase.swift */ = {isa = PBXFileReference; lastKnownFileType = sourcecode.swift; path = AppDatabase.swift; sourceTree = "<group>"; };
		580EDC7286B4B45905EFD15E /* Orchestrator.swift */ = {isa = PBXFileReference; lastKnownFileType = sourcecode.swift; path = Orchestrator.swift; sourceTree = "<group>"; };
		60DF60A78384B9B25714588C /* Redaction.swift */ = {isa = PBXFileReference; lastKnownFileType = sourcecode.swift; path = Redaction.swift; sourceTree = "<group>"; };
		6381967B3F267C243D1AFB46 /* MediaTests.swift */ = {isa = PBXFileReference; lastKnownFileType = sourcecode.swift; path = MediaTests.swift; sourceTree = "<group>"; };
		66B4ED3BD26B643ADEA4EF32 /* ProviderAdapter.swift */ = {isa = PBXFileReference; lastKnownFileType = sourcecode.swift; path = ProviderAdapter.swift; sourceTree = "<group>"; };
		6DD2ABAC31D08B13E50D0946 /* Repositories.swift */ = {isa = PBXFileReference; lastKnownFileType = sourcecode.swift; path = Repositories.swift; sourceTree = "<group>"; };
		7A03F7F490C0B9883B4CB246 /* ThreadsAdapter.swift */ = {isa = PBXFileReference; lastKnownFileType = sourcecode.swift; path = ThreadsAdapter.swift; sourceTree = "<group>"; };
		7B7D6E319D7BBF3AB67005B5 /* TLSIdentity.swift */ = {isa = PBXFileReference; lastKnownFileType = sourcecode.swift; path = TLSIdentity.swift; sourceTree = "<group>"; };
		827F6B61C5ABD07393423050 /* AppDelegate.swift */ = {isa = PBXFileReference; lastKnownFileType = sourcecode.swift; path = AppDelegate.swift; sourceTree = "<group>"; };
		861C7F035F82B9077140F13E /* GraphPermalink.swift */ = {isa = PBXFileReference; lastKnownFileType = sourcecode.swift; path = GraphPermalink.swift; sourceTree = "<group>"; };
		87B3E2C8521208D3465725B2 /* ConnectionStatusToolbar.swift */ = {isa = PBXFileReference; lastKnownFileType = sourcecode.swift; path = ConnectionStatusToolbar.swift; sourceTree = "<group>"; };
		94F559D0609D751E35A58B91 /* HTTPClient.swift */ = {isa = PBXFileReference; lastKnownFileType = sourcecode.swift; path = HTTPClient.swift; sourceTree = "<group>"; };
		96B6498D9017BD16C748213C /* KeychainStore.swift */ = {isa = PBXFileReference; lastKnownFileType = sourcecode.swift; path = KeychainStore.swift; sourceTree = "<group>"; };
		9792560C6E88E0DEA4150BC8 /* AppModel.swift */ = {isa = PBXFileReference; lastKnownFileType = sourcecode.swift; path = AppModel.swift; sourceTree = "<group>"; };
		9A59FBA42524ECDA77C8C915 /* R2Stager.swift */ = {isa = PBXFileReference; lastKnownFileType = sourcecode.swift; path = R2Stager.swift; sourceTree = "<group>"; };
		9F8D33D7387D7506330198B1 /* DestinationInspector.swift */ = {isa = PBXFileReference; lastKnownFileType = sourcecode.swift; path = DestinationInspector.swift; sourceTree = "<group>"; };
		A07DB0E32DC92209CBF0B9E1 /* XAdapter.swift */ = {isa = PBXFileReference; lastKnownFileType = sourcecode.swift; path = XAdapter.swift; sourceTree = "<group>"; };
		A6A84BEF66ECE30725606B10 /* AccountSettings.swift */ = {isa = PBXFileReference; lastKnownFileType = sourcecode.swift; path = AccountSettings.swift; sourceTree = "<group>"; };
		A97D2DEDE4C1CCC2B0665CEE /* Blather.entitlements */ = {isa = PBXFileReference; lastKnownFileType = text.plist.entitlements; path = Blather.entitlements; sourceTree = "<group>"; };
		AD563F2018C809584F699031 /* MainSplitView.swift */ = {isa = PBXFileReference; lastKnownFileType = sourcecode.swift; path = MainSplitView.swift; sourceTree = "<group>"; };
		AE38E9F798CFA151F92C35D9 /* ConnectService.swift */ = {isa = PBXFileReference; lastKnownFileType = sourcecode.swift; path = ConnectService.swift; sourceTree = "<group>"; };
		AFFC8B658F2EC6CC2B43E881 /* ConnectTests.swift */ = {isa = PBXFileReference; lastKnownFileType = sourcecode.swift; path = ConnectTests.swift; sourceTree = "<group>"; };
		B316BCEAD26B4E0BD389ECC0 /* NetworkIcon.swift */ = {isa = PBXFileReference; lastKnownFileType = sourcecode.swift; path = NetworkIcon.swift; sourceTree = "<group>"; };
		BC112B367465D11896AE4DB5 /* BlueskyAdapter.swift */ = {isa = PBXFileReference; lastKnownFileType = sourcecode.swift; path = BlueskyAdapter.swift; sourceTree = "<group>"; };
		BEAE9022005149E4E3C24FB9 /* MediaStore.swift */ = {isa = PBXFileReference; lastKnownFileType = sourcecode.swift; path = MediaStore.swift; sourceTree = "<group>"; };
		C66C044269634CCC84DAC1A1 /* Schema.swift */ = {isa = PBXFileReference; lastKnownFileType = sourcecode.swift; path = Schema.swift; sourceTree = "<group>"; };
		C6BB4B865203B266C509778F /* MediaStagingSettingsPane.swift */ = {isa = PBXFileReference; lastKnownFileType = sourcecode.swift; path = MediaStagingSettingsPane.swift; sourceTree = "<group>"; };
		C7FB65E0D7219C3ABE5EDACE /* CallbackServer.swift */ = {isa = PBXFileReference; lastKnownFileType = sourcecode.swift; path = CallbackServer.swift; sourceTree = "<group>"; };
		CED8369A41F6E8E17AE1486A /* TokenAccess.swift */ = {isa = PBXFileReference; lastKnownFileType = sourcecode.swift; path = TokenAccess.swift; sourceTree = "<group>"; };
		D0EEFFA704B3E64FC1654DE4 /* AboutSettingsPane.swift */ = {isa = PBXFileReference; lastKnownFileType = sourcecode.swift; path = AboutSettingsPane.swift; sourceTree = "<group>"; };
		D4F5F693A8E95A54382CF581 /* Validation.swift */ = {isa = PBXFileReference; lastKnownFileType = sourcecode.swift; path = Validation.swift; sourceTree = "<group>"; };
		D5112B664F262EEFCBEDB2D9 /* Models.swift */ = {isa = PBXFileReference; lastKnownFileType = sourcecode.swift; path = Models.swift; sourceTree = "<group>"; };
		D9A8A224D637C80A7122B528 /* BlatherUITests.swift */ = {isa = PBXFileReference; lastKnownFileType = sourcecode.swift; path = BlatherUITests.swift; sourceTree = "<group>"; };
		E47607F4ABE061153E12D435 /* PublishTests.swift */ = {isa = PBXFileReference; lastKnownFileType = sourcecode.swift; path = PublishTests.swift; sourceTree = "<group>"; };
		E9F4CB366A238D70D74625F2 /* Info.plist */ = {isa = PBXFileReference; lastKnownFileType = text.plist; path = Info.plist; sourceTree = "<group>"; };
		F15E43D725AC1375592E096B /* PKCE.swift */ = {isa = PBXFileReference; lastKnownFileType = sourcecode.swift; path = PKCE.swift; sourceTree = "<group>"; };
		F3967C8AB82F6FA19129444A /* SigV4.swift */ = {isa = PBXFileReference; lastKnownFileType = sourcecode.swift; path = SigV4.swift; sourceTree = "<group>"; };
		F5DE31C30A38BE6DA4BC35D5 /* GeneralSettingsPane.swift */ = {isa = PBXFileReference; lastKnownFileType = sourcecode.swift; path = GeneralSettingsPane.swift; sourceTree = "<group>"; };
		F602B0ADACAE328CF3B5C3A4 /* InstagramAdapter.swift */ = {isa = PBXFileReference; lastKnownFileType = sourcecode.swift; path = InstagramAdapter.swift; sourceTree = "<group>"; };
		FB7E0AA37B99BD42FD938A4D /* ConnectionStore.swift */ = {isa = PBXFileReference; lastKnownFileType = sourcecode.swift; path = ConnectionStore.swift; sourceTree = "<group>"; };
/* End PBXFileReference section */

/* Begin PBXFrameworksBuildPhase section */
		26BF6B11F94A3ECFF666808F /* Frameworks */ = {
			isa = PBXFrameworksBuildPhase;
			buildActionMask = 2147483647;
			files = (
				D42BA31964B6879BE1330B80 /* GRDB in Frameworks */,
				3445388F9F123F444B97D922 /* Sparkle in Frameworks */,
			);
			runOnlyForDeploymentPostprocessing = 0;
		};
/* End PBXFrameworksBuildPhase section */

/* Begin PBXGroup section */
		0A054A27A649CD687B3EB7AB /* Products */ = {
			isa = PBXGroup;
			children = (
				2478C11E76DD9A612721042F /* Blather.app */,
				1EA92330120635C0723D4D2D /* BlatherTests.xctest */,
				04BBDBE59543E998A3922B3A /* BlatherUITests.xctest */,
			);
			name = Products;
			sourceTree = "<group>";
		};
		1182E16A47C8556EB47D7046 /* Settings */ = {
			isa = PBXGroup;
			children = (
				D0EEFFA704B3E64FC1654DE4 /* AboutSettingsPane.swift */,
				554A2C9A43C7BACFB1A2D8A7 /* AccountsSettingsPane.swift */,
				F5DE31C30A38BE6DA4BC35D5 /* GeneralSettingsPane.swift */,
				C6BB4B865203B266C509778F /* MediaStagingSettingsPane.swift */,
				533F68117C958B61D7379E2A /* SettingsView.swift */,
				0F857D6762B40E7D7B68B674 /* SettingsWindowController.swift */,
				0AE3B8E44DF17BDB4242DA7A /* StoredSecretField.swift */,
			);
			path = Settings;
			sourceTree = "<group>";
		};
		27C9C9C1F10E98C809389F01 /* Blather */ = {
			isa = PBXGroup;
			children = (
				559B4EF9EACF409B47D7A16F /* App */,
				298FCA96CC36CD5608A7E916 /* AppModel */,
				A03EFAD95F0B24A25CC6E6CD /* Domain */,
				D9415356146F56DACF72C2DC /* Media */,
				5C0CFC250E7EC8662EA48BB1 /* Networking */,
				36296982395E474DA94E60CB /* OAuth */,
				69B44A4FD73EEAC9155F508C /* Persistence */,
				BC0CBF2C9CF42E62E7313493 /* Providers */,
				94805608EAED94BFD72BA79A /* Publish */,
				793BE44ADA8C56B949C60272 /* R2 */,
				D14AB18E1395925E91450CAE /* Resources */,
				572D24B31DEC7BFEC42A94AD /* Security */,
				1182E16A47C8556EB47D7046 /* Settings */,
				A7E4992CA28FC7030BD970C0 /* Views */,
			);
			path = Blather;
			sourceTree = "<group>";
		};
		298FCA96CC36CD5608A7E916 /* AppModel */ = {
			isa = PBXGroup;
			children = (
				9792560C6E88E0DEA4150BC8 /* AppModel.swift */,
			);
			path = AppModel;
			sourceTree = "<group>";
		};
		36296982395E474DA94E60CB /* OAuth */ = {
			isa = PBXGroup;
			children = (
				C7FB65E0D7219C3ABE5EDACE /* CallbackServer.swift */,
				AE38E9F798CFA151F92C35D9 /* ConnectService.swift */,
				F15E43D725AC1375592E096B /* PKCE.swift */,
				7B7D6E319D7BBF3AB67005B5 /* TLSIdentity.swift */,
			);
			path = OAuth;
			sourceTree = "<group>";
		};
		3E7F48916E6B26AEAE1F7974 /* BlatherUITests */ = {
			isa = PBXGroup;
			children = (
				D9A8A224D637C80A7122B528 /* BlatherUITests.swift */,
			);
			path = BlatherUITests;
			sourceTree = "<group>";
		};
		559B4EF9EACF409B47D7A16F /* App */ = {
			isa = PBXGroup;
			children = (
				12AB8D330C3B8645A99F3CDD /* AppCommands.swift */,
				827F6B61C5ABD07393423050 /* AppDelegate.swift */,
				2BBEFB47B6FCCC9930A32F8D /* BlatherApp.swift */,
				2810BF53B699350EEF587642 /* UpdaterManager.swift */,
			);
			path = App;
			sourceTree = "<group>";
		};
		572D24B31DEC7BFEC42A94AD /* Security */ = {
			isa = PBXGroup;
			children = (
				128314124E5F4897C8897637 /* Credentials.swift */,
				96B6498D9017BD16C748213C /* KeychainStore.swift */,
				60DF60A78384B9B25714588C /* Redaction.swift */,
			);
			path = Security;
			sourceTree = "<group>";
		};
		5C0CFC250E7EC8662EA48BB1 /* Networking */ = {
			isa = PBXGroup;
			children = (
				94F559D0609D751E35A58B91 /* HTTPClient.swift */,
			);
			path = Networking;
			sourceTree = "<group>";
		};
		69B44A4FD73EEAC9155F508C /* Persistence */ = {
			isa = PBXGroup;
			children = (
				56A65AF850A664CB4D2B628E /* AppDatabase.swift */,
				265D8953F178218619F774D7 /* AppPaths.swift */,
				6DD2ABAC31D08B13E50D0946 /* Repositories.swift */,
				C66C044269634CCC84DAC1A1 /* Schema.swift */,
			);
			path = Persistence;
			sourceTree = "<group>";
		};
		793BE44ADA8C56B949C60272 /* R2 */ = {
			isa = PBXGroup;
			children = (
				9A59FBA42524ECDA77C8C915 /* R2Stager.swift */,
				F3967C8AB82F6FA19129444A /* SigV4.swift */,
			);
			path = R2;
			sourceTree = "<group>";
		};
		94805608EAED94BFD72BA79A /* Publish */ = {
			isa = PBXGroup;
			children = (
				580EDC7286B4B45905EFD15E /* Orchestrator.swift */,
			);
			path = Publish;
			sourceTree = "<group>";
		};
		9488E771B2BA8D54FD1F611D /* BlatherTests */ = {
			isa = PBXGroup;
			children = (
				AFFC8B658F2EC6CC2B43E881 /* ConnectTests.swift */,
				6381967B3F267C243D1AFB46 /* MediaTests.swift */,
				37D8DC8D148615D6B3416225 /* PersistenceTests.swift */,
				E47607F4ABE061153E12D435 /* PublishTests.swift */,
				38CB3312CD3852105D439EE3 /* SmokeTests.swift */,
				2375BFD0259ED0893E0832EF /* StoredSecretFieldTests.swift */,
			);
			path = BlatherTests;
			sourceTree = "<group>";
		};
		A03EFAD95F0B24A25CC6E6CD /* Domain */ = {
			isa = PBXGroup;
			children = (
				A6A84BEF66ECE30725606B10 /* AccountSettings.swift */,
				359AE68416B731868AE2C3A1 /* Capabilities.swift */,
				D5112B664F262EEFCBEDB2D9 /* Models.swift */,
				47506723F8DCA3581E5B301E /* Overrides.swift */,
				D4F5F693A8E95A54382CF581 /* Validation.swift */,
			);
			path = Domain;
			sourceTree = "<group>";
		};
		A7E4992CA28FC7030BD970C0 /* Views */ = {
			isa = PBXGroup;
			children = (
				1827DA37EA5DEB36C9218E98 /* ComposerView.swift */,
				87B3E2C8521208D3465725B2 /* ConnectionStatusToolbar.swift */,
				9F8D33D7387D7506330198B1 /* DestinationInspector.swift */,
				503ECAD99BAF238029220985 /* HistoryView.swift */,
				AD563F2018C809584F699031 /* MainSplitView.swift */,
				B316BCEAD26B4E0BD389ECC0 /* NetworkIcon.swift */,
			);
			path = Views;
			sourceTree = "<group>";
		};
		AC8207E47EB4FB49773463F0 = {
			isa = PBXGroup;
			children = (
				27C9C9C1F10E98C809389F01 /* Blather */,
				9488E771B2BA8D54FD1F611D /* BlatherTests */,
				3E7F48916E6B26AEAE1F7974 /* BlatherUITests */,
				0A054A27A649CD687B3EB7AB /* Products */,
			);
			sourceTree = "<group>";
		};
		BC0CBF2C9CF42E62E7313493 /* Providers */ = {
			isa = PBXGroup;
			children = (
				BC112B367465D11896AE4DB5 /* BlueskyAdapter.swift */,
				FB7E0AA37B99BD42FD938A4D /* ConnectionStore.swift */,
				861C7F035F82B9077140F13E /* GraphPermalink.swift */,
				F602B0ADACAE328CF3B5C3A4 /* InstagramAdapter.swift */,
				66B4ED3BD26B643ADEA4EF32 /* ProviderAdapter.swift */,
				7A03F7F490C0B9883B4CB246 /* ThreadsAdapter.swift */,
				CED8369A41F6E8E17AE1486A /* TokenAccess.swift */,
				A07DB0E32DC92209CBF0B9E1 /* XAdapter.swift */,
			);
			path = Providers;
			sourceTree = "<group>";
		};
		D14AB18E1395925E91450CAE /* Resources */ = {
			isa = PBXGroup;
			children = (
				1D33874353252324AD9BB45B /* Assets.xcassets */,
				A97D2DEDE4C1CCC2B0665CEE /* Blather.entitlements */,
				E9F4CB366A238D70D74625F2 /* Info.plist */,
			);
			path = Resources;
			sourceTree = "<group>";
		};
		D9415356146F56DACF72C2DC /* Media */ = {
			isa = PBXGroup;
			children = (
				BEAE9022005149E4E3C24FB9 /* MediaStore.swift */,
			);
			path = Media;
			sourceTree = "<group>";
		};
/* End PBXGroup section */

/* Begin PBXNativeTarget section */
		0CB5B138AB597B55F108116D /* Blather */ = {
			isa = PBXNativeTarget;
			buildConfigurationList = 09797A37034AA76ED232C834 /* Build configuration list for PBXNativeTarget "Blather" */;
			buildPhases = (
				CF4B70BB7B0F847B566325A2 /* Sources */,
				179F8124DD6EF2536B829890 /* Resources */,
				26BF6B11F94A3ECFF666808F /* Frameworks */,
			);
			buildRules = (
			);
			dependencies = (
			);
			name = Blather;
			packageProductDependencies = (
				D1C83E73B83326333074C430 /* GRDB */,
				39D34F873871694CEDDF924D /* Sparkle */,
			);
			productName = Blather;
			productReference = 2478C11E76DD9A612721042F /* Blather.app */;
			productType = "com.apple.product-type.application";
		};
		A2FA7EFA17F94ED3F7AFE418 /* BlatherUITests */ = {
			isa = PBXNativeTarget;
			buildConfigurationList = 1FAF3522995EB1DDA954ED76 /* Build configuration list for PBXNativeTarget "BlatherUITests" */;
			buildPhases = (
				896DFBAEE6E7B551277A9E97 /* Sources */,
			);
			buildRules = (
			);
			dependencies = (
				8A69F1BAB9F558E51F3429D5 /* PBXTargetDependency */,
			);
			name = BlatherUITests;
			packageProductDependencies = (
			);
			productName = BlatherUITests;
			productReference = 04BBDBE59543E998A3922B3A /* BlatherUITests.xctest */;
			productType = "com.apple.product-type.bundle.ui-testing";
		};
		D7D233571498A01C8D56BB92 /* BlatherTests */ = {
			isa = PBXNativeTarget;
			buildConfigurationList = 12699BCBF15AE9A4725CBA50 /* Build configuration list for PBXNativeTarget "BlatherTests" */;
			buildPhases = (
				8A3F9B2D3396C8D704EFAD6B /* Sources */,
			);
			buildRules = (
			);
			dependencies = (
				D8934290C606A227BBEE8148 /* PBXTargetDependency */,
			);
			name = BlatherTests;
			packageProductDependencies = (
			);
			productName = BlatherTests;
			productReference = 1EA92330120635C0723D4D2D /* BlatherTests.xctest */;
			productType = "com.apple.product-type.bundle.unit-test";
		};
/* End PBXNativeTarget section */

/* Begin PBXProject section */
		742ED7917B292505C9C774A0 /* Project object */ = {
			isa = PBXProject;
			attributes = {
				BuildIndependentTargetsInParallel = YES;
				LastUpgradeCheck = 1600;
				TargetAttributes = {
					0CB5B138AB597B55F108116D = {
						DevelopmentTeam = SFK76D5YXM;
						ProvisioningStyle = Automatic;
					};
					A2FA7EFA17F94ED3F7AFE418 = {
						DevelopmentTeam = SFK76D5YXM;
						ProvisioningStyle = Automatic;
						TestTargetID = 0CB5B138AB597B55F108116D;
					};
					D7D233571498A01C8D56BB92 = {
						DevelopmentTeam = SFK76D5YXM;
						ProvisioningStyle = Automatic;
					};
				};
			};
			buildConfigurationList = F91A8E59EEAAE265B4B9B5E4 /* Build configuration list for PBXProject "Blather" */;
			developmentRegion = en;
			hasScannedForEncodings = 0;
			knownRegions = (
				Base,
				en,
			);
			mainGroup = AC8207E47EB4FB49773463F0;
			minimizedProjectReferenceProxies = 1;
			packageReferences = (
				9080A227D17BBA61E09B0A3C /* XCRemoteSwiftPackageReference "GRDB.swift" */,
				49D56E55E2401A10C51DBA28 /* XCRemoteSwiftPackageReference "Sparkle" */,
			);
			preferredProjectObjectVersion = 77;
			productRefGroup = 0A054A27A649CD687B3EB7AB /* Products */;
			projectDirPath = "";
			projectRoot = "";
			targets = (
				0CB5B138AB597B55F108116D /* Blather */,
				D7D233571498A01C8D56BB92 /* BlatherTests */,
				A2FA7EFA17F94ED3F7AFE418 /* BlatherUITests */,
			);
		};
/* End PBXProject section */

/* Begin PBXResourcesBuildPhase section */
		179F8124DD6EF2536B829890 /* Resources */ = {
			isa = PBXResourcesBuildPhase;
			buildActionMask = 2147483647;
			files = (
				F630C0F1C13EF008EA9DF370 /* Assets.xcassets in Resources */,
			);
			runOnlyForDeploymentPostprocessing = 0;
		};
/* End PBXResourcesBuildPhase section */

/* Begin PBXSourcesBuildPhase section */
		896DFBAEE6E7B551277A9E97 /* Sources */ = {
			isa = PBXSourcesBuildPhase;
			buildActionMask = 2147483647;
			files = (
				FE65222311CF2378D9936994 /* BlatherUITests.swift in Sources */,
			);
			runOnlyForDeploymentPostprocessing = 0;
		};
		8A3F9B2D3396C8D704EFAD6B /* Sources */ = {
			isa = PBXSourcesBuildPhase;
			buildActionMask = 2147483647;
			files = (
				F27BD3597781FCB33D32650D /* ConnectTests.swift in Sources */,
				E550CCB4ABB5BB242BB021AC /* MediaTests.swift in Sources */,
				D08CDD9EBB82303B18202FB5 /* PersistenceTests.swift in Sources */,
				23CF0005D1DCB7FAB285540A /* PublishTests.swift in Sources */,
				B8E6847A274CEFFE90DBE83E /* SmokeTests.swift in Sources */,
				CCE8D9C7C99F46716BABE61B /* StoredSecretFieldTests.swift in Sources */,
			);
			runOnlyForDeploymentPostprocessing = 0;
		};
		CF4B70BB7B0F847B566325A2 /* Sources */ = {
			isa = PBXSourcesBuildPhase;
			buildActionMask = 2147483647;
			files = (
				DFFCD9B8FB286E4411C80A2D /* AboutSettingsPane.swift in Sources */,
				8AE8454F12275B4DB222C8EE /* AccountSettings.swift in Sources */,
				820D59537F99116EF80C5C1D /* AccountsSettingsPane.swift in Sources */,
				196D66E33DF93F52F430241D /* AppCommands.swift in Sources */,
				362EB1F3AE7ED394515832D9 /* AppDatabase.swift in Sources */,
				63A90D2745C6F23AAA2875E1 /* AppDelegate.swift in Sources */,
				F05F16BA3DC0803035059E87 /* AppModel.swift in Sources */,
				435F35041C111396DCEBCED1 /* AppPaths.swift in Sources */,
				780131A5A36D20DA40690EA7 /* BlatherApp.swift in Sources */,
				47A91AAC61A4D3535D22C9D2 /* BlueskyAdapter.swift in Sources */,
				326EB89D5EB785E59752A9CD /* CallbackServer.swift in Sources */,
				838FEAB8774BDDBC612B56D0 /* Capabilities.swift in Sources */,
				5FE92E53A9630237F519D772 /* ComposerView.swift in Sources */,
				8CF38D2CD1D42C8F15F3D914 /* ConnectService.swift in Sources */,
				E9F8B9ACF6E8B6CFE8EB5DD1 /* ConnectionStatusToolbar.swift in Sources */,
				0D4E09FA930EE9BFB03B4A39 /* ConnectionStore.swift in Sources */,
				9D1E81F4B8D6FF8B1B78703D /* Credentials.swift in Sources */,
				F1C1277BA6BFDC3277775C7F /* DestinationInspector.swift in Sources */,
				31738F18C92526AE18F8018A /* GeneralSettingsPane.swift in Sources */,
				B4BCE16DDDC2270A236699F6 /* GraphPermalink.swift in Sources */,
				AAB8A322CC4BF761A3A6037D /* HTTPClient.swift in Sources */,
				83642B75C681A243C27586BB /* HistoryView.swift in Sources */,
				CD12AD66E6DD13257037A278 /* InstagramAdapter.swift in Sources */,
				7DD1FCD8B442B7E31D74E091 /* KeychainStore.swift in Sources */,
				72CB7562D87E1222C0A6C213 /* MainSplitView.swift in Sources */,
				B34DC04E4528D596A7F70223 /* MediaStagingSettingsPane.swift in Sources */,
				ECAE1C4B98D5F7182D6FA736 /* MediaStore.swift in Sources */,
				A04844206A3395B320E0C156 /* Models.swift in Sources */,
				1CA02CF688C435A08DD27AA0 /* NetworkIcon.swift in Sources */,
				D8F58549C3E1838CB24F51AE /* Orchestrator.swift in Sources */,
				00BF8C1646A41E1B3D522C19 /* Overrides.swift in Sources */,
				025DD79357C92A03B70ACF83 /* PKCE.swift in Sources */,
				EC0351D79DAAE893B039AD9D /* ProviderAdapter.swift in Sources */,
				4504E1E044E814B67E48B10E /* R2Stager.swift in Sources */,
				C144E42F17189779843545A4 /* Redaction.swift in Sources */,
				6F4DE6A11EED6F4AC92AC899 /* Repositories.swift in Sources */,
				1AFD475339BF97F59F4622CD /* Schema.swift in Sources */,
				87F3FADDA89A010D4066B875 /* SettingsView.swift in Sources */,
				BC58555F6020D0CCDF4A6E8E /* SettingsWindowController.swift in Sources */,
				C4C4BF88F194A0A5FEC207BB /* SigV4.swift in Sources */,
				1281E89EE5DAA333B680D4FF /* StoredSecretField.swift in Sources */,
				6FC71BDF8DBA4C426A656EDD /* TLSIdentity.swift in Sources */,
				1D90B296F61B02007A24D9AA /* ThreadsAdapter.swift in Sources */,
				D678DE4DFC89E4A627D9198B /* TokenAccess.swift in Sources */,
				14CA049923036ADA570C8EB5 /* UpdaterManager.swift in Sources */,
				827CFD1696EC6C4269495004 /* Validation.swift in Sources */,
				480A8EF0AA92C52E12F50117 /* XAdapter.swift in Sources */,
			);
			runOnlyForDeploymentPostprocessing = 0;
		};
/* End PBXSourcesBuildPhase section */

/* Begin PBXTargetDependency section */
		8A69F1BAB9F558E51F3429D5 /* PBXTargetDependency */ = {
			isa = PBXTargetDependency;
			target = 0CB5B138AB597B55F108116D /* Blather */;
			targetProxy = 80A6545FC6BA5DBBC68A5F8D /* PBXContainerItemProxy */;
		};
		D8934290C606A227BBEE8148 /* PBXTargetDependency */ = {
			isa = PBXTargetDependency;
			target = 0CB5B138AB597B55F108116D /* Blather */;
			targetProxy = 312780CF99CCB37A556E8C10 /* PBXContainerItemProxy */;
		};
/* End PBXTargetDependency section */

/* Begin XCBuildConfiguration section */
		17E20A6E28F7C84AA2D8FC95 /* Debug */ = {
			isa = XCBuildConfiguration;
			buildSettings = {
				ALWAYS_SEARCH_USER_PATHS = NO;
				CLANG_ANALYZER_NONNULL = YES;
				CLANG_ANALYZER_NUMBER_OBJECT_CONVERSION = YES_AGGRESSIVE;
				CLANG_CXX_LANGUAGE_STANDARD = "gnu++14";
				CLANG_CXX_LIBRARY = "libc++";
				CLANG_ENABLE_MODULES = YES;
				CLANG_ENABLE_OBJC_ARC = YES;
				CLANG_ENABLE_OBJC_WEAK = YES;
				CLANG_WARN_BLOCK_CAPTURE_AUTORELEASING = YES;
				CLANG_WARN_BOOL_CONVERSION = YES;
				CLANG_WARN_COMMA = YES;
				CLANG_WARN_CONSTANT_CONVERSION = YES;
				CLANG_WARN_DEPRECATED_OBJC_IMPLEMENTATIONS = YES;
				CLANG_WARN_DIRECT_OBJC_ISA_USAGE = YES_ERROR;
				CLANG_WARN_DOCUMENTATION_COMMENTS = YES;
				CLANG_WARN_EMPTY_BODY = YES;
				CLANG_WARN_ENUM_CONVERSION = YES;
				CLANG_WARN_INFINITE_RECURSION = YES;
				CLANG_WARN_INT_CONVERSION = YES;
				CLANG_WARN_NON_LITERAL_NULL_CONVERSION = YES;
				CLANG_WARN_OBJC_IMPLICIT_RETAIN_SELF = YES;
				CLANG_WARN_OBJC_LITERAL_CONVERSION = YES;
				CLANG_WARN_OBJC_ROOT_CLASS = YES_ERROR;
				CLANG_WARN_QUOTED_INCLUDE_IN_FRAMEWORK_HEADER = YES;
				CLANG_WARN_RANGE_LOOP_ANALYSIS = YES;
				CLANG_WARN_STRICT_PROTOTYPES = YES;
				CLANG_WARN_SUSPICIOUS_MOVE = YES;
				CLANG_WARN_UNGUARDED_AVAILABILITY = YES_AGGRESSIVE;
				CLANG_WARN_UNREACHABLE_CODE = YES;
				CLANG_WARN__DUPLICATE_METHOD_MATCH = YES;
				CODE_SIGN_STYLE = Automatic;
				COMBINE_HIDPI_IMAGES = YES;
				COPY_PHASE_STRIP = NO;
				CURRENT_PROJECT_VERSION = 1;
				DEAD_CODE_STRIPPING = YES;
				DEBUG_INFORMATION_FORMAT = dwarf;
				DEVELOPMENT_TEAM = SFK76D5YXM;
				ENABLE_HARDENED_RUNTIME = YES;
				ENABLE_STRICT_OBJC_MSGSEND = YES;
				ENABLE_TESTABILITY = YES;
				ENABLE_USER_SCRIPT_SANDBOXING = YES;
				GCC_C_LANGUAGE_STANDARD = gnu11;
				GCC_DYNAMIC_NO_PIC = NO;
				GCC_NO_COMMON_BLOCKS = YES;
				GCC_OPTIMIZATION_LEVEL = 0;
				GCC_PREPROCESSOR_DEFINITIONS = (
					"$(inherited)",
					"DEBUG=1",
				);
				GCC_WARN_64_TO_32_BIT_CONVERSION = YES;
				GCC_WARN_ABOUT_RETURN_TYPE = YES_ERROR;
				GCC_WARN_UNDECLARED_SELECTOR = YES;
				GCC_WARN_UNINITIALIZED_AUTOS = YES_AGGRESSIVE;
				GCC_WARN_UNUSED_FUNCTION = YES;
				GCC_WARN_UNUSED_VARIABLE = YES;
				GENERATE_INFOPLIST_FILE = YES;
				MACOSX_DEPLOYMENT_TARGET = 15.0;
				MARKETING_VERSION = 0.3.1;
				MTL_ENABLE_DEBUG_INFO = INCLUDE_SOURCE;
				MTL_FAST_MATH = YES;
				ONLY_ACTIVE_ARCH = YES;
				PRODUCT_NAME = "$(TARGET_NAME)";
				SDKROOT = macosx;
				STRING_CATALOG_GENERATE_SYMBOLS = YES;
				SWIFT_ACTIVE_COMPILATION_CONDITIONS = DEBUG;
				SWIFT_OPTIMIZATION_LEVEL = "-Onone";
				SWIFT_STRICT_CONCURRENCY = complete;
				SWIFT_VERSION = 5.0;
			};
			name = Debug;
		};
		64808D6F4BC04EE537547BE7 /* Debug */ = {
			isa = XCBuildConfiguration;
			buildSettings = {
				ASSETCATALOG_COMPILER_APPICON_NAME = AppIcon;
				CODE_SIGN_ENTITLEMENTS = Blather/Resources/Blather.entitlements;
				COMBINE_HIDPI_IMAGES = YES;
				INFOPLIST_FILE = Blather/Resources/Info.plist;
				INFOPLIST_KEY_CFBundleDisplayName = Blather;
				INFOPLIST_KEY_LSApplicationCategoryType = "public.app-category.productivity";
				INFOPLIST_KEY_LSMinimumSystemVersion = 15.0;
				INFOPLIST_KEY_NSHighResolutionCapable = YES;
				INFOPLIST_KEY_NSHumanReadableCopyright = "";
				LD_RUNPATH_SEARCH_PATHS = "$(inherited) @executable_path/../Frameworks";
				PRODUCT_BUNDLE_IDENTIFIER = com.blather.app;
				PRODUCT_MODULE_NAME = Blather;
				PRODUCT_NAME = Blather;
				SDKROOT = macosx;
			};
			name = Debug;
		};
		6646308E328D7B7C97270B13 /* Release */ = {
			isa = XCBuildConfiguration;
			buildSettings = {
				ALWAYS_SEARCH_USER_PATHS = NO;
				CLANG_ANALYZER_NONNULL = YES;
				CLANG_ANALYZER_NUMBER_OBJECT_CONVERSION = YES_AGGRESSIVE;
				CLANG_CXX_LANGUAGE_STANDARD = "gnu++14";
				CLANG_CXX_LIBRARY = "libc++";
				CLANG_ENABLE_MODULES = YES;
				CLANG_ENABLE_OBJC_ARC = YES;
				CLANG_ENABLE_OBJC_WEAK = YES;
				CLANG_WARN_BLOCK_CAPTURE_AUTORELEASING = YES;
				CLANG_WARN_BOOL_CONVERSION = YES;
				CLANG_WARN_COMMA = YES;
				CLANG_WARN_CONSTANT_CONVERSION = YES;
				CLANG_WARN_DEPRECATED_OBJC_IMPLEMENTATIONS = YES;
				CLANG_WARN_DIRECT_OBJC_ISA_USAGE = YES_ERROR;
				CLANG_WARN_DOCUMENTATION_COMMENTS = YES;
				CLANG_WARN_EMPTY_BODY = YES;
				CLANG_WARN_ENUM_CONVERSION = YES;
				CLANG_WARN_INFINITE_RECURSION = YES;
				CLANG_WARN_INT_CONVERSION = YES;
				CLANG_WARN_NON_LITERAL_NULL_CONVERSION = YES;
				CLANG_WARN_OBJC_IMPLICIT_RETAIN_SELF = YES;
				CLANG_WARN_OBJC_LITERAL_CONVERSION = YES;
				CLANG_WARN_OBJC_ROOT_CLASS = YES_ERROR;
				CLANG_WARN_QUOTED_INCLUDE_IN_FRAMEWORK_HEADER = YES;
				CLANG_WARN_RANGE_LOOP_ANALYSIS = YES;
				CLANG_WARN_STRICT_PROTOTYPES = YES;
				CLANG_WARN_SUSPICIOUS_MOVE = YES;
				CLANG_WARN_UNGUARDED_AVAILABILITY = YES_AGGRESSIVE;
				CLANG_WARN_UNREACHABLE_CODE = YES;
				CLANG_WARN__DUPLICATE_METHOD_MATCH = YES;
				CODE_SIGN_STYLE = Automatic;
				COMBINE_HIDPI_IMAGES = YES;
				COPY_PHASE_STRIP = NO;
				CURRENT_PROJECT_VERSION = 1;
				DEAD_CODE_STRIPPING = YES;
				DEBUG_INFORMATION_FORMAT = "dwarf-with-dsym";
				DEVELOPMENT_TEAM = SFK76D5YXM;
				ENABLE_HARDENED_RUNTIME = YES;
				ENABLE_NS_ASSERTIONS = NO;
				ENABLE_STRICT_OBJC_MSGSEND = YES;
				ENABLE_USER_SCRIPT_SANDBOXING = YES;
				GCC_C_LANGUAGE_STANDARD = gnu11;
				GCC_NO_COMMON_BLOCKS = YES;
				GCC_WARN_64_TO_32_BIT_CONVERSION = YES;
				GCC_WARN_ABOUT_RETURN_TYPE = YES_ERROR;
				GCC_WARN_UNDECLARED_SELECTOR = YES;
				GCC_WARN_UNINITIALIZED_AUTOS = YES_AGGRESSIVE;
				GCC_WARN_UNUSED_FUNCTION = YES;
				GCC_WARN_UNUSED_VARIABLE = YES;
				GENERATE_INFOPLIST_FILE = YES;
				MACOSX_DEPLOYMENT_TARGET = 15.0;
				MARKETING_VERSION = 0.3.1;
				MTL_ENABLE_DEBUG_INFO = NO;
				MTL_FAST_MATH = YES;
				PRODUCT_NAME = "$(TARGET_NAME)";
				SDKROOT = macosx;
				STRING_CATALOG_GENERATE_SYMBOLS = YES;
				SWIFT_COMPILATION_MODE = wholemodule;
				SWIFT_OPTIMIZATION_LEVEL = "-O";
				SWIFT_STRICT_CONCURRENCY = complete;
				SWIFT_VERSION = 5.0;
			};
			name = Release;
		};
		7703CC67FAB6FFA0762AEB98 /* Release */ = {
			isa = XCBuildConfiguration;
			buildSettings = {
				BUNDLE_LOADER = "$(TEST_HOST)";
				COMBINE_HIDPI_IMAGES = YES;
				GENERATE_INFOPLIST_FILE = YES;
				LD_RUNPATH_SEARCH_PATHS = (
					"$(inherited)",
					"@executable_path/Frameworks",
					"@loader_path/Frameworks",
				);
				PRODUCT_BUNDLE_IDENTIFIER = com.blather.app.uitests;
				SDKROOT = macosx;
				TEST_TARGET_NAME = Blather;
			};
			name = Release;
		};
		C450B1BF8E124A5B523AA432 /* Release */ = {
			isa = XCBuildConfiguration;
			buildSettings = {
				ASSETCATALOG_COMPILER_APPICON_NAME = AppIcon;
				CODE_SIGN_ENTITLEMENTS = Blather/Resources/Blather.entitlements;
				COMBINE_HIDPI_IMAGES = YES;
				INFOPLIST_FILE = Blather/Resources/Info.plist;
				INFOPLIST_KEY_CFBundleDisplayName = Blather;
				INFOPLIST_KEY_LSApplicationCategoryType = "public.app-category.productivity";
				INFOPLIST_KEY_LSMinimumSystemVersion = 15.0;
				INFOPLIST_KEY_NSHighResolutionCapable = YES;
				INFOPLIST_KEY_NSHumanReadableCopyright = "";
				LD_RUNPATH_SEARCH_PATHS = "$(inherited) @executable_path/../Frameworks";
				PRODUCT_BUNDLE_IDENTIFIER = com.blather.app;
				PRODUCT_MODULE_NAME = Blather;
				PRODUCT_NAME = Blather;
				SDKROOT = macosx;
			};
			name = Release;
		};
		C7651D213C70AC939513B00A /* Release */ = {
			isa = XCBuildConfiguration;
			buildSettings = {
				BUNDLE_LOADER = "$(TEST_HOST)";
				COMBINE_HIDPI_IMAGES = YES;
				GENERATE_INFOPLIST_FILE = YES;
				LD_RUNPATH_SEARCH_PATHS = (
					"$(inherited)",
					"@executable_path/../Frameworks",
					"@loader_path/../Frameworks",
				);
				PRODUCT_BUNDLE_IDENTIFIER = com.blather.app.tests;
				SDKROOT = macosx;
				TEST_HOST = "$(BUILT_PRODUCTS_DIR)/Blather.app/Contents/MacOS/Blather";
			};
			name = Release;
		};
		E153A53AC22AA858A515D65A /* Debug */ = {
			isa = XCBuildConfiguration;
			buildSettings = {
				BUNDLE_LOADER = "$(TEST_HOST)";
				COMBINE_HIDPI_IMAGES = YES;
				GENERATE_INFOPLIST_FILE = YES;
				LD_RUNPATH_SEARCH_PATHS = (
					"$(inherited)",
					"@executable_path/../Frameworks",
					"@loader_path/../Frameworks",
				);
				PRODUCT_BUNDLE_IDENTIFIER = com.blather.app.tests;
				SDKROOT = macosx;
				TEST_HOST = "$(BUILT_PRODUCTS_DIR)/Blather.app/Contents/MacOS/Blather";
			};
			name = Debug;
		};
		F882EA70C6F91954C52D2AAE /* Debug */ = {
			isa = XCBuildConfiguration;
			buildSettings = {
				BUNDLE_LOADER = "$(TEST_HOST)";
				COMBINE_HIDPI_IMAGES = YES;
				GENERATE_INFOPLIST_FILE = YES;
				LD_RUNPATH_SEARCH_PATHS = (
					"$(inherited)",
					"@executable_path/Frameworks",
					"@loader_path/Frameworks",
				);
				PRODUCT_BUNDLE_IDENTIFIER = com.blather.app.uitests;
				SDKROOT = macosx;
				TEST_TARGET_NAME = Blather;
			};
			name = Debug;
		};
/* End XCBuildConfiguration section */

/* Begin XCConfigurationList section */
		09797A37034AA76ED232C834 /* Build configuration list for PBXNativeTarget "Blather" */ = {
			isa = XCConfigurationList;
			buildConfigurations = (
				64808D6F4BC04EE537547BE7 /* Debug */,
				C450B1BF8E124A5B523AA432 /* Release */,
			);
			defaultConfigurationIsVisible = 0;
			defaultConfigurationName = Debug;
		};
		12699BCBF15AE9A4725CBA50 /* Build configuration list for PBXNativeTarget "BlatherTests" */ = {
			isa = XCConfigurationList;
			buildConfigurations = (
				E153A53AC22AA858A515D65A /* Debug */,
				C7651D213C70AC939513B00A /* Release */,
			);
			defaultConfigurationIsVisible = 0;
			defaultConfigurationName = Debug;
		};
		1FAF3522995EB1DDA954ED76 /* Build configuration list for PBXNativeTarget "BlatherUITests" */ = {
			isa = XCConfigurationList;
			buildConfigurations = (
				F882EA70C6F91954C52D2AAE /* Debug */,
				7703CC67FAB6FFA0762AEB98 /* Release */,
			);
			defaultConfigurationIsVisible = 0;
			defaultConfigurationName = Debug;
		};
		F91A8E59EEAAE265B4B9B5E4 /* Build configuration list for PBXProject "Blather" */ = {
			isa = XCConfigurationList;
			buildConfigurations = (
				17E20A6E28F7C84AA2D8FC95 /* Debug */,
				6646308E328D7B7C97270B13 /* Release */,
			);
			defaultConfigurationIsVisible = 0;
			defaultConfigurationName = Debug;
		};
/* End XCConfigurationList section */

/* Begin XCRemoteSwiftPackageReference section */
		49D56E55E2401A10C51DBA28 /* XCRemoteSwiftPackageReference "Sparkle" */ = {
			isa = XCRemoteSwiftPackageReference;
			repositoryURL = "https://github.com/sparkle-project/Sparkle";
			requirement = {
				kind = upToNextMajorVersion;
				minimumVersion = 2.0.0;
			};
		};
		9080A227D17BBA61E09B0A3C /* XCRemoteSwiftPackageReference "GRDB.swift" */ = {
			isa = XCRemoteSwiftPackageReference;
			repositoryURL = "https://github.com/groue/GRDB.swift";
			requirement = {
				kind = upToNextMajorVersion;
				minimumVersion = 7.0.0;
			};
		};
/* End XCRemoteSwiftPackageReference section */

/* Begin XCSwiftPackageProductDependency section */
		39D34F873871694CEDDF924D /* Sparkle */ = {
			isa = XCSwiftPackageProductDependency;
			package = 49D56E55E2401A10C51DBA28 /* XCRemoteSwiftPackageReference "Sparkle" */;
			productName = Sparkle;
		};
		D1C83E73B83326333074C430 /* GRDB */ = {
			isa = XCSwiftPackageProductDependency;
			package = 9080A227D17BBA61E09B0A3C /* XCRemoteSwiftPackageReference "GRDB.swift" */;
			productName = GRDB;
		};
/* End XCSwiftPackageProductDependency section */
	};
	rootObject = 742ED7917B292505C9C774A0 /* Project object */;
}
